// !$*UTF8*$!
{
	archiveVersion = 1;
	classes = {
	};
	objectVersion = 46;
	objects = {

/* Begin PBXBuildFile section */
		6898992119A28639007896B1 /* AppDelegate.swift in Sources */ = {isa = PBXBuildFile; fileRef = 6898992019A28639007896B1 /* AppDelegate.swift */; };
		6898992319A28639007896B1 /* Images.xcassets in Resources */ = {isa = PBXBuildFile; fileRef = 6898992219A28639007896B1 /* Images.xcassets */; };
		6898992F19A28639007896B1 /* evenlift_swiftTests.swift in Sources */ = {isa = PBXBuildFile; fileRef = 6898992E19A28639007896B1 /* evenlift_swiftTests.swift */; };
/* End PBXBuildFile section */

/* Begin PBXContainerItemProxy section */
		6898992919A28639007896B1 /* PBXContainerItemProxy */ = {
			isa = PBXContainerItemProxy;
			containerPortal = 6898991319A28638007896B1 /* Project object */;
			proxyType = 1;
			remoteGlobalIDString = 6898991A19A28638007896B1;
			remoteInfo = "evenlift-swift";
		};
/* End PBXContainerItemProxy section */

/* Begin PBXFileReference section */
		6898991B19A28639007896B1 /* evenlift-swift.app */ = {isa = PBXFileReference; explicitFileType = wrapper.application; includeInIndex = 0; path = "evenlift-swift.app"; sourceTree = BUILT_PRODUCTS_DIR; };
		6898991F19A28639007896B1 /* Info.plist */ = {isa = PBXFileReference; lastKnownFileType = text.plist.xml; path = Info.plist; sourceTree = "<group>"; };
		6898992019A28639007896B1 /* AppDelegate.swift */ = {isa = PBXFileReference; lastKnownFileType = sourcecode.swift; path = AppDelegate.swift; sourceTree = "<group>"; };
		6898992219A28639007896B1 /* Images.xcassets */ = {isa = PBXFileReference; lastKnownFileType = folder.assetcatalog; path = Images.xcassets; sourceTree = "<group>"; };
		6898992819A28639007896B1 /* evenlift-swiftTests.xctest */ = {isa = PBXFileReference; explicitFileType = wrapper.cfbundle; includeInIndex = 0; path = "evenlift-swiftTests.xctest"; sourceTree = BUILT_PRODUCTS_DIR; };
		6898992D19A28639007896B1 /* Info.plist */ = {isa = PBXFileReference; lastKnownFileType = text.plist.xml; path = Info.plist; sourceTree = "<group>"; };
		6898992E19A28639007896B1 /* evenlift_swiftTests.swift */ = {isa = PBXFileReference; lastKnownFileType = sourcecode.swift; path = evenlift_swiftTests.swift; sourceTree = "<group>"; };
/* End PBXFileReference section */

/* Begin PBXFrameworksBuildPhase section */
		6898991819A28638007896B1 /* Frameworks */ = {
			isa = PBXFrameworksBuildPhase;
			buildActionMask = 2147483647;
			files = (
			);
			runOnlyForDeploymentPostprocessing = 0;
		};
		6898992519A28639007896B1 /* Frameworks */ = {
			isa = PBXFrameworksBuildPhase;
			buildActionMask = 2147483647;
			files = (
			);
			runOnlyForDeploymentPostprocessing = 0;
		};
/* End PBXFrameworksBuildPhase section */

/* Begin PBXGroup section */
		6898991219A28638007896B1 = {
			isa = PBXGroup;
			children = (
				6898991D19A28639007896B1 /* evenlift-swift */,
				6898992B19A28639007896B1 /* evenlift-swiftTests */,
				6898991C19A28639007896B1 /* Products */,
			);
			sourceTree = "<group>";
		};
		6898991C19A28639007896B1 /* Products */ = {
			isa = PBXGroup;
			children = (
				6898991B19A28639007896B1 /* evenlift-swift.app */,
				6898992819A28639007896B1 /* evenlift-swiftTests.xctest */,
			);
			name = Products;
			sourceTree = "<group>";
		};
		6898991D19A28639007896B1 /* evenlift-swift */ = {
			isa = PBXGroup;
			children = (
				6898992019A28639007896B1 /* AppDelegate.swift */,
				6898992219A28639007896B1 /* Images.xcassets */,
				6898991E19A28639007896B1 /* Supporting Files */,
			);
			path = "evenlift-swift";
			sourceTree = "<group>";
		};
		6898991E19A28639007896B1 /* Supporting Files */ = {
			isa = PBXGroup;
			children = (
				6898991F19A28639007896B1 /* Info.plist */,
			);
			name = "Supporting Files";
			sourceTree = "<group>";
		};
		6898992B19A28639007896B1 /* evenlift-swiftTests */ = {
			isa = PBXGroup;
			children = (
				6898992E19A28639007896B1 /* evenlift_swiftTests.swift */,
				6898992C19A28639007896B1 /* Supporting Files */,
			);
			path = "evenlift-swiftTests";
			sourceTree = "<group>";
		};
		6898992C19A28639007896B1 /* Supporting Files */ = {
			isa = PBXGroup;
			children = (
				6898992D19A28639007896B1 /* Info.plist */,
			);
			name = "Supporting Files";
			sourceTree = "<group>";
		};
/* End PBXGroup section */

/* Begin PBXNativeTarget section */
		6898991A19A28638007896B1 /* evenlift-swift */ = {
			isa = PBXNativeTarget;
			buildConfigurationList = 6898993219A28639007896B1 /* Build configuration list for PBXNativeTarget "evenlift-swift" */;
			buildPhases = (
				6898991719A28638007896B1 /* Sources */,
				6898991819A28638007896B1 /* Frameworks */,
				6898991919A28638007896B1 /* Resources */,
			);
			buildRules = (
			);
			dependencies = (
			);
			name = "evenlift-swift";
			productName = "evenlift-swift";
			productReference = 6898991B19A28639007896B1 /* evenlift-swift.app */;
			productType = "com.apple.product-type.application";
		};
		6898992719A28639007896B1 /* evenlift-swiftTests */ = {
			isa = PBXNativeTarget;
			buildConfigurationList = 6898993519A28639007896B1 /* Build configuration list for PBXNativeTarget "evenlift-swiftTests" */;
			buildPhases = (
				6898992419A28639007896B1 /* Sources */,
				6898992519A28639007896B1 /* Frameworks */,
				6898992619A28639007896B1 /* Resources */,
			);
			buildRules = (
			);
			dependencies = (
				6898992A19A28639007896B1 /* PBXTargetDependency */,
			);
			name = "evenlift-swiftTests";
			productName = "evenlift-swiftTests";
			productReference = 6898992819A28639007896B1 /* evenlift-swiftTests.xctest */;
			productType = "com.apple.product-type.bundle.unit-test";
		};
/* End PBXNativeTarget section */

/* Begin PBXProject section */
		6898991319A28638007896B1 /* Project object */ = {
			isa = PBXProject;
			attributes = {
				LastUpgradeCheck = 0600;
				ORGANIZATIONNAME = "Milton and Parc";
				TargetAttributes = {
					6898991A19A28638007896B1 = {
						CreatedOnToolsVersion = 6.0;
					};
					6898992719A28639007896B1 = {
						CreatedOnToolsVersion = 6.0;
						TestTargetID = 6898991A19A28638007896B1;
					};
				};
			};
			buildConfigurationList = 6898991619A28638007896B1 /* Build configuration list for PBXProject "evenlift-swift" */;
			compatibilityVersion = "Xcode 3.2";
			developmentRegion = English;
			hasScannedForEncodings = 0;
			knownRegions = (
				en,
			);
			mainGroup = 6898991219A28638007896B1;
			productRefGroup = 6898991C19A28639007896B1 /* Products */;
			projectDirPath = "";
			projectRoot = "";
			targets = (
				6898991A19A28638007896B1 /* evenlift-swift */,
				6898992719A28639007896B1 /* evenlift-swiftTests */,
			);
		};
/* End PBXProject section */

/* Begin PBXResourcesBuildPhase section */
		6898991919A28638007896B1 /* Resources */ = {
			isa = PBXResourcesBuildPhase;
			buildActionMask = 2147483647;
			files = (
				6898992319A28639007896B1 /* Images.xcassets in Resources */,
			);
			runOnlyForDeploymentPostprocessing = 0;
		};
		6898992619A28639007896B1 /* Resources */ = {
			isa = PBXResourcesBuildPhase;
			buildActionMask = 2147483647;
			files = (
			);
			runOnlyForDeploymentPostprocessing = 0;
		};
/* End PBXResourcesBuildPhase section */

/* Begin PBXSourcesBuildPhase section */
		6898991719A28638007896B1 /* Sources */ = {
			isa = PBXSourcesBuildPhase;
			buildActionMask = 2147483647;
			files = (
				6898992119A28639007896B1 /* AppDelegate.swift in Sources */,
			);
			runOnlyForDeploymentPostprocessing = 0;
		};
		6898992419A28639007896B1 /* Sources */ = {
			isa = PBXSourcesBuildPhase;
			buildActionMask = 2147483647;
			files = (
				6898992F19A28639007896B1 /* evenlift_swiftTests.swift in Sources */,
			);
			runOnlyForDeploymentPostprocessing = 0;
		};
/* End PBXSourcesBuildPhase section */

/* Begin PBXTargetDependency section */
		6898992A19A28639007896B1 /* PBXTargetDependency */ = {
			isa = PBXTargetDependency;
			target = 6898991A19A28638007896B1 /* evenlift-swift */;
			targetProxy = 6898992919A28639007896B1 /* PBXContainerItemProxy */;
		};
/* End PBXTargetDependency section */

/* Begin XCBuildConfiguration section */
		6898993019A28639007896B1 /* Debug */ = {
			isa = XCBuildConfiguration;
			buildSettings = {
				ALWAYS_SEARCH_USER_PATHS = NO;
				CLANG_CXX_LANGUAGE_STANDARD = "gnu++0x";
				CLANG_CXX_LIBRARY = "libc++";
				CLANG_ENABLE_MODULES = YES;
				CLANG_ENABLE_OBJC_ARC = YES;
				CLANG_WARN_BOOL_CONVERSION = YES;
				CLANG_WARN_CONSTANT_CONVERSION = YES;
				CLANG_WARN_DIRECT_OBJC_ISA_USAGE = YES_ERROR;
				CLANG_WARN_EMPTY_BODY = YES;
				CLANG_WARN_ENUM_CONVERSION = YES;
				CLANG_WARN_INT_CONVERSION = YES;
				CLANG_WARN_OBJC_ROOT_CLASS = YES_ERROR;
				CLANG_WARN_UNREACHABLE_CODE = YES;
				CLANG_WARN__DUPLICATE_METHOD_MATCH = YES;
				"CODE_SIGN_IDENTITY[sdk=iphoneos*]" = "iPhone Developer";
				COPY_PHASE_STRIP = NO;
				ENABLE_STRICT_OBJC_MSGSEND = YES;
				GCC_C_LANGUAGE_STANDARD = gnu99;
				GCC_DYNAMIC_NO_PIC = NO;
				GCC_OPTIMIZATION_LEVEL = 0;
				GCC_PREPROCESSOR_DEFINITIONS = (
					"DEBUG=1",
					"$(inherited)",
				);
				GCC_SYMBOLS_PRIVATE_EXTERN = NO;
				GCC_WARN_64_TO_32_BIT_CONVERSION = YES;
				GCC_WARN_ABOUT_RETURN_TYPE = YES_ERROR;
				GCC_WARN_UNDECLARED_SELECTOR = YES;
				GCC_WARN_UNINITIALIZED_AUTOS = YES_AGGRESSIVE;
				GCC_WARN_UNUSED_FUNCTION = YES;
				GCC_WARN_UNUSED_VARIABLE = YES;
				IPHONEOS_DEPLOYMENT_TARGET = 8.0;
				METAL_ENABLE_DEBUG_INFO = YES;
				ONLY_ACTIVE_ARCH = YES;
				SDKROOT = iphoneos;
				SWIFT_OPTIMIZATION_LEVEL = "-Onone";
			};
			name = Debug;
		};
		6898993119A28639007896B1 /* Release */ = {
			isa = XCBuildConfiguration;
			buildSettings = {
				ALWAYS_SEARCH_USER_PATHS = NO;
				CLANG_CXX_LANGUAGE_STANDARD = "gnu++0x";
				CLANG_CXX_LIBRARY = "libc++";
				CLANG_ENABLE_MODULES = YES;
				CLANG_ENABLE_OBJC_ARC = YES;
				CLANG_WARN_BOOL_CONVERSION = YES;
				CLANG_WARN_CONSTANT_CONVERSION = YES;
				CLANG_WARN_DIRECT_OBJC_ISA_USAGE = YES_ERROR;
				CLANG_WARN_EMPTY_BODY = YES;
				CLANG_WARN_ENUM_CONVERSION = YES;
				CLANG_WARN_INT_CONVERSION = YES;
				CLANG_WARN_OBJC_ROOT_CLASS = YES_ERROR;
				CLANG_WARN_UNREACHABLE_CODE = YES;
				CLANG_WARN__DUPLICATE_METHOD_MATCH = YES;
				"CODE_SIGN_IDENTITY[sdk=iphoneos*]" = "iPhone Developer";
				COPY_PHASE_STRIP = YES;
				ENABLE_NS_ASSERTIONS = NO;
				ENABLE_STRICT_OBJC_MSGSEND = YES;
				GCC_C_LANGUAGE_STANDARD = gnu99;
				GCC_WARN_64_TO_32_BIT_CONVERSION = YES;
				GCC_WARN_ABOUT_RETURN_TYPE = YES_ERROR;
				GCC_WARN_UNDECLARED_SELECTOR = YES;
				GCC_WARN_UNINITIALIZED_AUTOS = YES_AGGRESSIVE;
				GCC_WARN_UNUSED_FUNCTION = YES;
				GCC_WARN_UNUSED_VARIABLE = YES;
				IPHONEOS_DEPLOYMENT_TARGET = 8.0;
				METAL_ENABLE_DEBUG_INFO = NO;
				SDKROOT = iphoneos;
				VALIDATE_PRODUCT = YES;
			};
			name = Release;
		};
		6898993319A28639007896B1 /* Debug */ = {
			isa = XCBuildConfiguration;
			buildSettings = {
				ASSETCATALOG_COMPILER_APPICON_NAME = AppIcon;
				ASSETCATALOG_COMPILER_LAUNCHIMAGE_NAME = LaunchImage;
				INFOPLIST_FILE = "evenlift-swift/Info.plist";
				LD_RUNPATH_SEARCH_PATHS = "$(inherited) @executable_path/Frameworks";
				PRODUCT_NAME = "$(TARGET_NAME)";
			};
			name = Debug;
		};
		6898993419A28639007896B1 /* Release */ = {
			isa = XCBuildConfiguration;
			buildSettings = {
				ASSETCATALOG_COMPILER_APPICON_NAME = AppIcon;
				ASSETCATALOG_COMPILER_LAUNCHIMAGE_NAME = LaunchImage;
				INFOPLIST_FILE = "evenlift-swift/Info.plist";
				LD_RUNPATH_SEARCH_PATHS = "$(inherited) @executable_path/Frameworks";
				PRODUCT_NAME = "$(TARGET_NAME)";
			};
			name = Release;
		};
		6898993619A28639007896B1 /* Debug */ = {
			isa = XCBuildConfiguration;
			buildSettings = {
				BUNDLE_LOADER = "$(BUILT_PRODUCTS_DIR)/evenlift-swift.app/evenlift-swift";
				FRAMEWORK_SEARCH_PATHS = (
					"$(SDKROOT)/Developer/Library/Frameworks",
					"$(inherited)",
				);
				GCC_PREPROCESSOR_DEFINITIONS = (
					"DEBUG=1",
					"$(inherited)",
				);
				INFOPLIST_FILE = "evenlift-swiftTests/Info.plist";
				LD_RUNPATH_SEARCH_PATHS = "$(inherited) @executable_path/Frameworks @loader_path/Frameworks";
				METAL_ENABLE_DEBUG_INFO = YES;
				PRODUCT_NAME = "$(TARGET_NAME)";
				TEST_HOST = "$(BUNDLE_LOADER)";
			};
			name = Debug;
		};
		6898993719A28639007896B1 /* Release */ = {
			isa = XCBuildConfiguration;
			buildSettings = {
				BUNDLE_LOADER = "$(BUILT_PRODUCTS_DIR)/evenlift-swift.app/evenlift-swift";
				FRAMEWORK_SEARCH_PATHS = (
					"$(SDKROOT)/Developer/Library/Frameworks",
					"$(inherited)",
				);
				INFOPLIST_FILE = "evenlift-swiftTests/Info.plist";
				LD_RUNPATH_SEARCH_PATHS = "$(inherited) @executable_path/Frameworks @loader_path/Frameworks";
				METAL_ENABLE_DEBUG_INFO = NO;
				PRODUCT_NAME = "$(TARGET_NAME)";
				TEST_HOST = "$(BUNDLE_LOADER)";
			};
			name = Release;
		};
/* End XCBuildConfiguration section */

/* Begin XCConfigurationList section */
		6898991619A28638007896B1 /* Build configuration list for PBXProject "evenlift-swift" */ = {
			isa = XCConfigurationList;
			buildConfigurations = (
				6898993019A28639007896B1 /* Debug */,
				6898993119A28639007896B1 /* Release */,
			);
			defaultConfigurationIsVisible = 0;
			defaultConfigurationName = Release;
		};
		6898993219A28639007896B1 /* Build configuration list for PBXNativeTarget "evenlift-swift" */ = {
			isa = XCConfigurationList;
			buildConfigurations = (
				6898993319A28639007896B1 /* Debug */,
				6898993419A28639007896B1 /* Release */,
			);
			defaultConfigurationIsVisible = 0;
		};
		6898993519A28639007896B1 /* Build configuration list for PBXNativeTarget "evenlift-swiftTests" */ = {
			isa = XCConfigurationList;
			buildConfigurations = (
				6898993619A28639007896B1 /* Debug */,
				6898993719A28639007896B1 /* Release */,
			);
			defaultConfigurationIsVisible = 0;
		};
/* End XCConfigurationList section */
	};
	rootObject = 6898991319A28638007896B1 /* Project object */;
}
